
Microsoft Visual Studio Solution File, Format Version 12.00
# Visual Studio Version 16
VisualStudioVersion = 16.0.30804.86
MinimumVisualStudioVersion = 10.0.40219.1
Project("{FAE04EC0-301F-11D3-BF4B-00C04F79EFBC}") = "KalkOt", "KalkOt\KalkOt.csproj", "{7313A762-1909-4989-979D-B36023AD18B2}"
EndProject
Global
	GlobalSection(SolutionConfigurationPlatforms) = preSolution
		Debug|Any CPU = Debug|Any CPU
		Debug|x86 = Debug|x86
		Release|Any CPU = Release|Any CPU
		Release|x86 = Release|x86
	EndGlobalSection
	GlobalSection(ProjectConfigurationPlatforms) = postSolution
		{7313A762-1909-4989-979D-B36023AD18B2}.Debug|Any CPU.ActiveCfg = Debug|Any CPU
		{7313A762-1909-4989-979D-B36023AD18B2}.Debug|Any CPU.Build.0 = Debug|Any CPU
		{7313A762-1909-4989-979D-B36023AD18B2}.Debug|x86.ActiveCfg = Debug|x86
		{7313A762-1909-4989-979D-B36023AD18B2}.Debug|x86.Build.0 = Debug|x86
		{7313A762-1909-4989-979D-B36023AD18B2}.Release|Any CPU.ActiveCfg = Release|Any CPU
		{7313A762-1909-4989-979D-B36023AD18B2}.Release|Any CPU.Build.0 = Release|Any CPU
		{7313A762-1909-4989-979D-B36023AD18B2}.Release|x86.ActiveCfg = Release|x86
		{7313A762-1909-4989-979D-B36023AD18B2}.Release|x86.Build.0 = Release|x86
	EndGlobalSection
	GlobalSection(SolutionProperties) = preSolution
		HideSolutionNode = FALSE
	EndGlobalSection
	GlobalSection(ExtensibilityGlobals) = postSolution
		SolutionGuid = {3F03FD56-8E63-4048-9BC2-1CD0FB00C184}
	EndGlobalSection
EndGlobal
